<?xml version="1.0" encoding="utf-8"?>
<Project ToolsVersion="4.0" xmlns="http://schemas.microsoft.com/developer/msbuild/2003">
  <ItemGroup>
    <Filter Include="Source Files">
      <UniqueIdentifier>{c2125bf4-0a9f-479c-af3a-c31894168653}</UniqueIdentifier>
      <Extensions>cpp;c;cxx;rc</Extensions>
    </Filter>
    <Filter Include="Header Files">
      <UniqueIdentifier>{7e79d4e7-efa1-47e6-9e49-1f7bf071d9a5}</UniqueIdentifier>
      <Extensions>h;hpp;hxx;hm;inl</Extensions>
    </Filter>
  </ItemGroup>
  <ItemGroup>
    <ClCompile Include="..\game\bg_lib.c">
      <Filter>Source Files</Filter>
    </ClCompile>
    <ClCompile Include="..\game\bg_misc.c">
      <Filter>Source Files</Filter>
    </ClCompile>
    <ClCompile Include="..\game\q_math.c">
      <Filter>Source Files</Filter>
    </ClCompile>
    <ClCompile Include="..\game\q_shared.c">
      <Filter>Source Files</Filter>
    </ClCompile>
    <ClCompile Include="ui_addbots.c">
      <Filter>Source Files</Filter>
    </ClCompile>
    <ClCompile Include="ui_admin.c">
      <Filter>Source Files</Filter>
    </ClCompile>
    <ClCompile Include="ui_atoms.c">
      <Filter>Source Files</Filter>
    </ClCompile>
    <ClCompile Include="ui_cdkey.c">
      <Filter>Source Files</Filter>
    </ClCompile>
    <ClCompile Include="ui_confirm.c">
      <Filter>Source Files</Filter>
    </ClCompile>
    <ClCompile Include="ui_connect.c">
      <Filter>Source Files</Filter>
    </ClCompile>
    <ClCompile Include="ui_controls2.c">
      <Filter>Source Files</Filter>
    </ClCompile>
    <ClCompile Include="ui_credits.c">
      <Filter>Source Files</Filter>
    </ClCompile>
    <ClCompile Include="ui_cvars.c">
      <Filter>Source Files</Filter>
    </ClCompile>
    <ClCompile Include="ui_demo2.c">
      <Filter>Source Files</Filter>
    </ClCompile>
    <ClCompile Include="ui_emotes.c">
      <Filter>Source Files</Filter>
    </ClCompile>
    <ClCompile Include="ui_fonts.c">
      <Filter>Source Files</Filter>
    </ClCompile>
    <ClCompile Include="ui_gameinfo.c">
      <Filter>Source Files</Filter>
    </ClCompile>
    <ClCompile Include="ui_ingame.c">
      <Filter>Source Files</Filter>
    </ClCompile>
    <ClCompile Include="ui_main.c">
      <Filter>Source Files</Filter>
    </ClCompile>
    <ClCompile Include="ui_menu.c">
      <Filter>Source Files</Filter>
    </ClCompile>
    <ClCompile Include="ui_mfield.c">
      <Filter>Source Files</Filter>
    </ClCompile>
    <ClCompile Include="ui_mods.c">
      <Filter>Source Files</Filter>
    </ClCompile>
    <ClCompile Include="ui_motd.c">
      <Filter>Source Files</Filter>
    </ClCompile>
    <ClCompile Include="ui_network.c">
      <Filter>Source Files</Filter>
    </ClCompile>
    <ClCompile Include="ui_playermodel.c">
      <Filter>Source Files</Filter>
    </ClCompile>
    <ClCompile Include="ui_players.c">
      <Filter>Source Files</Filter>
    </ClCompile>
    <ClCompile Include="ui_playersettings.c">
      <Filter>Source Files</Filter>
    </ClCompile>
    <ClCompile Include="ui_preferences.c">
      <Filter>Source Files</Filter>
    </ClCompile>
    <ClCompile Include="ui_qmenu.c">
      <Filter>Source Files</Filter>
    </ClCompile>
    <ClCompile Include="ui_removebots.c">
      <Filter>Source Files</Filter>
    </ClCompile>
    <ClCompile Include="ui_serverinfo.c">
      <Filter>Source Files</Filter>
    </ClCompile>
    <ClCompile Include="ui_servers2.c">
      <Filter>Source Files</Filter>
    </ClCompile>
    <ClCompile Include="ui_sound.c">
      <Filter>Source Files</Filter>
    </ClCompile>
    <ClCompile Include="ui_sparena.c">
      <Filter>Source Files</Filter>
    </ClCompile>
    <ClCompile Include="ui_specifyserver.c">
      <Filter>Source Files</Filter>
    </ClCompile>
    <ClCompile Include="ui_splevel.c">
      <Filter>Source Files</Filter>
    </ClCompile>
    <ClCompile Include="ui_sppostgame.c">
      <Filter>Source Files</Filter>
    </ClCompile>
    <ClCompile Include="ui_spskill.c">
      <Filter>Source Files</Filter>
    </ClCompile>
    <ClCompile Include="ui_startserver.c">
      <Filter>Source Files</Filter>
    </ClCompile>
    <ClCompile Include="ui_syscalls.c">
      <Filter>Source Files</Filter>
    </ClCompile>
    <ClCompile Include="ui_team.c">
      <Filter>Source Files</Filter>
    </ClCompile>
    <ClCompile Include="ui_teamorders.c">
      <Filter>Source Files</Filter>
    </ClCompile>
    <ClCompile Include="ui_transporter.c">
      <Filter>Source Files</Filter>
    </ClCompile>
    <ClCompile Include="ui_turbolift.c">
      <Filter>Source Files</Filter>
    </ClCompile>
    <ClCompile Include="ui_video.c">
      <Filter>Source Files</Filter>
    </ClCompile>
  </ItemGroup>
  <ItemGroup>
    <ClInclude Include="..\game\bg_public.h">
      <Filter>Header Files</Filter>
    </ClInclude>
    <ClInclude Include="keycodes.h">
      <Filter>Header Files</Filter>
    </ClInclude>
    <ClInclude Include="..\game\q_shared.h">
      <Filter>Header Files</Filter>
    </ClInclude>
    <ClInclude Include="..\qcommon\stv_version.h">
      <Filter>Header Files</Filter>
    </ClInclude>
    <ClInclude Include="..\game\surfaceflags.h">
      <Filter>Header Files</Filter>
    </ClInclude>
    <ClInclude Include="..\cgame\tr_types.h">
      <Filter>Header Files</Filter>
    </ClInclude>
    <ClInclude Include="ui_local.h">
      <Filter>Header Files</Filter>
    </ClInclude>
    <ClInclude Include="ui_public.h">
      <Filter>Header Files</Filter>
    </ClInclude>
  </ItemGroup>
  <ItemGroup>
    <None Include="ui.def">
      <Filter>Header Files</Filter>
    </None>
  </ItemGroup>
  <ItemGroup>
    <CustomBuildStep Include="ui.bat" />
    <CustomBuildStep Include="ui.q3asm" />
    <CustomBuildStep Include="ui_syscalls.asm" />
  </ItemGroup>
</Project>