<?xml version="1.0" encoding="utf-8"?>
<Project ToolsVersion="4.0" xmlns="http://schemas.microsoft.com/developer/msbuild/2003">
  <ItemGroup>
    <Filter Include="Source Files">
      <UniqueIdentifier>{c2125bf4-0a9f-479c-af3a-c31894168653}</UniqueIdentifier>
      <Extensions>cpp;c;cxx;rc</Extensions>
    </Filter>
    <Filter Include="Header Files">
      <UniqueIdentifier>{7e79d4e7-efa1-47e6-9e49-1f7bf071d9a5}</UniqueIdentifier>
      <Extensions>h;hpp;hxx;hm;inl</Extensions>
    </Filter>
  </ItemGroup>
  <ItemGroup>
    <ClCompile Include="ui_admin.cpp">
      <Filter>Source Files</Filter>
    </ClCompile>
    <ClCompile Include="ui_atoms.cpp">
      <Filter>Source Files</Filter>
    </ClCompile>
    <ClCompile Include="ui_cdkey.cpp">
      <Filter>Source Files</Filter>
    </ClCompile>
    <ClCompile Include="ui_confirm.cpp">
      <Filter>Source Files</Filter>
    </ClCompile>
    <ClCompile Include="ui_connect.cpp">
      <Filter>Source Files</Filter>
    </ClCompile>
    <ClCompile Include="ui_controls2.cpp">
      <Filter>Source Files</Filter>
    </ClCompile>
    <ClCompile Include="ui_credits.cpp">
      <Filter>Source Files</Filter>
    </ClCompile>
    <ClCompile Include="ui_cvars.cpp">
      <Filter>Source Files</Filter>
    </ClCompile>
    <ClCompile Include="ui_demo2.cpp">
      <Filter>Source Files</Filter>
    </ClCompile>
    <ClCompile Include="ui_emotes.cpp">
      <Filter>Source Files</Filter>
    </ClCompile>
    <ClCompile Include="ui_fonts.cpp">
      <Filter>Source Files</Filter>
    </ClCompile>
    <ClCompile Include="ui_gameinfo.cpp">
      <Filter>Source Files</Filter>
    </ClCompile>
    <ClCompile Include="ui_ingame.cpp">
      <Filter>Source Files</Filter>
    </ClCompile>
    <ClCompile Include="ui_logger.cpp">
      <Filter>Source Files</Filter>
    </ClCompile>
    <ClCompile Include="ui_main.cpp">
      <Filter>Source Files</Filter>
    </ClCompile>
    <ClCompile Include="ui_menu.cpp">
      <Filter>Source Files</Filter>
    </ClCompile>
    <ClCompile Include="ui_mfield.cpp">
      <Filter>Source Files</Filter>
    </ClCompile>
    <ClCompile Include="ui_mods.cpp">
      <Filter>Source Files</Filter>
    </ClCompile>
    <ClCompile Include="ui_motd.cpp">
      <Filter>Source Files</Filter>
    </ClCompile>
    <ClCompile Include="ui_msd.cpp">
      <Filter>Source Files</Filter>
    </ClCompile>
    <ClCompile Include="ui_network.cpp">
      <Filter>Source Files</Filter>
    </ClCompile>
    <ClCompile Include="ui_playermodel.cpp">
      <Filter>Source Files</Filter>
    </ClCompile>
    <ClCompile Include="ui_players.cpp">
      <Filter>Source Files</Filter>
    </ClCompile>
    <ClCompile Include="ui_playersettings.cp">
      <Filter>Source Files</Filter>
    </ClCompile>
    <ClCompile Include="ui_preferences.cpp">
      <Filter>Source Files</Filter>
    </ClCompile>
    <ClCompile Include="ui_qmenu.cpp">
      <Filter>Source Files</Filter>
    </ClCompile>
    <ClCompile Include="ui_serverinfo.cpp">
      <Filter>Source Files</Filter>
    </ClCompile>
    <ClCompile Include="ui_servers2.cpp">
      <Filter>Source Files</Filter>
    </ClCompile>
    <ClCompile Include="ui_sound.cpp">
      <Filter>Source Files</Filter>
    </ClCompile>
    <ClCompile Include="ui_specifyserver.cpp">
      <Filter>Source Files</Filter>
    </ClCompile>
    <ClCompile Include="ui_sql.cpp">
      <Filter>Source Files</Filter>
    </ClCompile>
    <ClCompile Include="ui_startserver.cpp">
      <Filter>Source Files</Filter>
    </ClCompile>
    <ClCompile Include="ui_syscalls.cpp">
      <Filter>Source Files</Filter>
    </ClCompile>
    <ClCompile Include="ui_transporter.cpp">
      <Filter>Source Files</Filter>
    </ClCompile>
    <ClCompile Include="ui_turbolift.cpp">
      <Filter>Source Files</Filter>
    </ClCompile>
    <ClCompile Include="ui_video.cpp">
      <Filter>Source Files</Filter>
    </ClCompile>
  </ItemGroup>
  <ItemGroup>
    <ClInclude Include="keycodes.h">
      <Filter>Header Files</Filter>
    </ClInclude>
    <ClInclude Include="..\qcommon\stv_version.h">
      <Filter>Header Files</Filter>
    </ClInclude>
    <ClInclude Include="..\cgame\tr_types.h">
      <Filter>Header Files</Filter>
    </ClInclude>
    <ClInclude Include="ui_local.h">
      <Filter>Header Files</Filter>
    </ClInclude>
    <ClInclude Include="ui_public.h">
      <Filter>Header Files</Filter>
    </ClInclude>
    <ClInclude Include="ui_logger.h">
      <Filter>Header Files</Filter>
    </ClInclude>
  </ItemGroup>
  <ItemGroup>
    <None Include="ui.def">
      <Filter>Header Files</Filter>
    </None>
  </ItemGroup>
  <ItemGroup>
    <CustomBuildStep Include="ui.bat" />
    <CustomBuildStep Include="ui.q3asm" />
    <CustomBuildStep Include="ui_syscalls.asm" />
  </ItemGroup>
</Project>