<?xml version="1.0" encoding="utf-8"?>
<Project ToolsVersion="4.0" xmlns="http://schemas.microsoft.com/developer/msbuild/2003">
  <ItemGroup>
    <ClInclude Include="$(MSBuildThisFileDirectory)..\..\..\code\base_game\bg_collision.h" />
    <ClInclude Include="$(MSBuildThisFileDirectory)..\..\..\code\base_game\q_math.h" />
    <ClInclude Include="$(MSBuildThisFileDirectory)..\..\..\code\base_game\q_shared.h" />
    <ClInclude Include="$(MSBuildThisFileDirectory)..\..\..\code\base_game\surfaceflags.h" />
    <ClInclude Include="$(MSBuildThisFileDirectory)..\..\..\code\base_game\bg_list.h" />
    <ClInclude Include="$(MSBuildThisFileDirectory)..\..\..\code\base_game\bg_local.h" />
    <ClInclude Include="$(MSBuildThisFileDirectory)..\..\..\code\base_game\bg_misc.h" />
    <ClInclude Include="$(MSBuildThisFileDirectory)..\..\..\code\base_game\bg_oums.h" />
    <ClInclude Include="$(MSBuildThisFileDirectory)..\..\..\code\base_game\bg_public.h" />
  </ItemGroup>
  <ItemGroup>
    <ClCompile Include="$(MSBuildThisFileDirectory)..\..\..\code\base_game\q_math.cpp" />
    <ClCompile Include="$(MSBuildThisFileDirectory)..\..\..\code\base_game\q_shared.cpp" />
    <ClCompile Include="$(MSBuildThisFileDirectory)..\..\..\code\base_game\bg_collision.cpp" />
    <ClCompile Include="$(MSBuildThisFileDirectory)..\..\..\code\base_game\bg_list.cpp" />
    <ClCompile Include="$(MSBuildThisFileDirectory)..\..\..\code\base_game\bg_misc.cpp" />
    <ClCompile Include="$(MSBuildThisFileDirectory)..\..\..\code\base_game\bg_oums.cpp" />
    <ClCompile Include="$(MSBuildThisFileDirectory)..\..\..\code\base_game\bg_pmove.cpp" />
    <ClCompile Include="$(MSBuildThisFileDirectory)..\..\..\code\base_game\bg_slidemove.cpp" />
  </ItemGroup>
</Project>