<?xml version="1.0" encoding="utf-8"?>
<Project ToolsVersion="4.0" xmlns="http://schemas.microsoft.com/developer/msbuild/2003">
  <ItemGroup>
    <Filter Include="Source Files">
      <UniqueIdentifier>{01f0cae1-f113-47b2-affe-12a7bbc7ffe9}</UniqueIdentifier>
      <Extensions>cpp;c;cxx;rc</Extensions>
    </Filter>
    <Filter Include="Header Files">
      <UniqueIdentifier>{7b23fa51-5928-4563-bf8f-f6ed08c03447}</UniqueIdentifier>
      <Extensions>h;hpp;hxx;hm;inl;fi;fd</Extensions>
    </Filter>
    <Filter Include="Resource Files">
      <UniqueIdentifier>{387ecbcb-866d-446d-8a39-6defdd4c3378}</UniqueIdentifier>
      <Extensions>ico;cur;bmp;dlg;rc2;rct;bin;cnt;rtf;gif;jpg;jpeg;jpe</Extensions>
    </Filter>
    <Filter Include="Source Files\lua">
      <UniqueIdentifier>{f63112ba-83f3-4b08-92ac-a2679cccbe87}</UniqueIdentifier>
    </Filter>
  </ItemGroup>
  <ItemGroup>
    <ClCompile Include="lua_entity.c">
      <Filter>Source Files\lua</Filter>
    </ClCompile>
    <ClCompile Include="lua_game.c">
      <Filter>Source Files\lua</Filter>
    </ClCompile>
    <ClCompile Include="lua_mover.c">
      <Filter>Source Files\lua</Filter>
    </ClCompile>
    <ClCompile Include="lua_vector.c">
      <Filter>Source Files\lua</Filter>
    </ClCompile>
    <ClCompile Include="lua_qmath.c">
      <Filter>Source Files\lua</Filter>
    </ClCompile>
    <ClCompile Include="lua_cinematic.c">
      <Filter>Source Files\lua</Filter>
    </ClCompile>
    <ClCompile Include="lua_sound.c">
      <Filter>Source Files\lua</Filter>
    </ClCompile>
    <ClCompile Include="lua_weapons.c">
      <Filter>Source Files\lua</Filter>
    </ClCompile>
    <ClCompile Include="lua_trace.c">
      <Filter>Source Files\lua</Filter>
    </ClCompile>
    <ClCompile Include="lua_cvar.c">
      <Filter>Source Files\lua</Filter>
    </ClCompile>
    <ClCompile Include="sqlite3.c">
      <Filter>Source Files</Filter>
    </ClCompile>
    <ClCompile Include="bg_lex.flex.cpp">
      <Filter>Source Files</Filter>
    </ClCompile>
    <ClCompile Include="ai_chat.cpp">
      <Filter>Source Files</Filter>
    </ClCompile>
    <ClCompile Include="ai_cmd.cpp">
      <Filter>Source Files</Filter>
    </ClCompile>
    <ClCompile Include="ai_dmnet.cpp">
      <Filter>Source Files</Filter>
    </ClCompile>
    <ClCompile Include="ai_dmq3.cpp">
      <Filter>Source Files</Filter>
    </ClCompile>
    <ClCompile Include="ai_main.cpp">
      <Filter>Source Files</Filter>
    </ClCompile>
    <ClCompile Include="ai_team.cpp">
      <Filter>Source Files</Filter>
    </ClCompile>
    <ClCompile Include="g_active.cpp">
      <Filter>Source Files</Filter>
    </ClCompile>
    <ClCompile Include="g_arenas.cpp">
      <Filter>Source Files</Filter>
    </ClCompile>
    <ClCompile Include="g_bot.cpp">
      <Filter>Source Files</Filter>
    </ClCompile>
    <ClCompile Include="g_breakable.cpp">
      <Filter>Source Files</Filter>
    </ClCompile>
    <ClCompile Include="g_cinematic.cpp">
      <Filter>Source Files</Filter>
    </ClCompile>
    <ClCompile Include="g_client.cpp">
      <Filter>Source Files</Filter>
    </ClCompile>
    <ClCompile Include="g_cmds.cpp">
      <Filter>Source Files</Filter>
    </ClCompile>
    <ClCompile Include="g_combat.cpp">
      <Filter>Source Files</Filter>
    </ClCompile>
    <ClCompile Include="g_fx.cpp">
      <Filter>Source Files</Filter>
    </ClCompile>
    <ClCompile Include="g_items.cpp">
      <Filter>Source Files</Filter>
    </ClCompile>
    <ClCompile Include="g_local.cpp">
      <Filter>Source Files</Filter>
    </ClCompile>
    <ClCompile Include="g_log.cpp">
      <Filter>Source Files</Filter>
    </ClCompile>
    <ClCompile Include="g_logger.cpp">
      <Filter>Source Files</Filter>
    </ClCompile>
    <ClCompile Include="g_lua.cpp">
      <Filter>Source Files</Filter>
    </ClCompile>
    <ClCompile Include="g_main.cpp">
      <Filter>Source Files</Filter>
    </ClCompile>
    <ClCompile Include="g_mem.cpp">
      <Filter>Source Files</Filter>
    </ClCompile>
    <ClCompile Include="g_misc.cpp">
      <Filter>Source Files</Filter>
    </ClCompile>
    <ClCompile Include="g_missile.cpp">
      <Filter>Source Files</Filter>
    </ClCompile>
    <ClCompile Include="g_mover.cpp">
      <Filter>Source Files</Filter>
    </ClCompile>
    <ClCompile Include="g_session.cpp">
      <Filter>Source Files</Filter>
    </ClCompile>
    <ClCompile Include="g_spawn.cpp">
      <Filter>Source Files</Filter>
    </ClCompile>
    <ClCompile Include="g_sql.cpp">
      <Filter>Source Files</Filter>
    </ClCompile>
    <ClCompile Include="g_svcmds.cpp">
      <Filter>Source Files</Filter>
    </ClCompile>
    <ClCompile Include="g_syscalls.cpp">
      <Filter>Source Files</Filter>
    </ClCompile>
    <ClCompile Include="g_target.cpp">
      <Filter>Source Files</Filter>
    </ClCompile>
    <ClCompile Include="g_team.cpp">
      <Filter>Source Files</Filter>
    </ClCompile>
    <ClCompile Include="g_trigger.cpp">
      <Filter>Source Files</Filter>
    </ClCompile>
    <ClCompile Include="g_turrets.cpp">
      <Filter>Source Files</Filter>
    </ClCompile>
    <ClCompile Include="g_ui.cpp">
      <Filter>Source Files</Filter>
    </ClCompile>
    <ClCompile Include="g_usable.cpp">
      <Filter>Source Files</Filter>
    </ClCompile>
    <ClCompile Include="g_utils.cpp">
      <Filter>Source Files</Filter>
    </ClCompile>
    <ClCompile Include="g_weapon.cpp">
      <Filter>Source Files</Filter>
    </ClCompile>
    <ClCompile Include="md5.cpp">
      <Filter>Source Files</Filter>
    </ClCompile>
  </ItemGroup>
  <ItemGroup>
    <ClInclude Include="ai_chat.h">
      <Filter>Header Files</Filter>
    </ClInclude>
    <ClInclude Include="ai_cmd.h">
      <Filter>Header Files</Filter>
    </ClInclude>
    <ClInclude Include="ai_dmnet.h">
      <Filter>Header Files</Filter>
    </ClInclude>
    <ClInclude Include="ai_dmq3.h">
      <Filter>Header Files</Filter>
    </ClInclude>
    <ClInclude Include="ai_main.h">
      <Filter>Header Files</Filter>
    </ClInclude>
    <ClInclude Include="ai_team.h">
      <Filter>Header Files</Filter>
    </ClInclude>
    <ClInclude Include="be_aas.h">
      <Filter>Header Files</Filter>
    </ClInclude>
    <ClInclude Include="be_ai_char.h">
      <Filter>Header Files</Filter>
    </ClInclude>
    <ClInclude Include="be_ai_chat.h">
      <Filter>Header Files</Filter>
    </ClInclude>
    <ClInclude Include="be_ai_gen.h">
      <Filter>Header Files</Filter>
    </ClInclude>
    <ClInclude Include="be_ai_goal.h">
      <Filter>Header Files</Filter>
    </ClInclude>
    <ClInclude Include="be_ai_move.h">
      <Filter>Header Files</Filter>
    </ClInclude>
    <ClInclude Include="be_ai_weap.h">
      <Filter>Header Files</Filter>
    </ClInclude>
    <ClInclude Include="be_ea.h">
      <Filter>Header Files</Filter>
    </ClInclude>
    <ClInclude Include="botlib.h">
      <Filter>Header Files</Filter>
    </ClInclude>
    <ClInclude Include="chars.h">
      <Filter>Header Files</Filter>
    </ClInclude>
    <ClInclude Include="g_breakable.h">
      <Filter>Header Files</Filter>
    </ClInclude>
    <ClInclude Include="g_groups.h">
      <Filter>Header Files</Filter>
    </ClInclude>
    <ClInclude Include="g_local.h">
      <Filter>Header Files</Filter>
    </ClInclude>
    <ClInclude Include="g_lua.h">
      <Filter>Header Files</Filter>
    </ClInclude>
    <ClInclude Include="g_public.h">
      <Filter>Header Files</Filter>
    </ClInclude>
    <ClInclude Include="g_spawn.h">
      <Filter>Header Files</Filter>
    </ClInclude>
    <ClInclude Include="g_sql.h">
      <Filter>Header Files</Filter>
    </ClInclude>
    <ClInclude Include="g_team.h">
      <Filter>Header Files</Filter>
    </ClInclude>
    <ClInclude Include="inv.h">
      <Filter>Header Files</Filter>
    </ClInclude>
    <ClInclude Include="match.h">
      <Filter>Header Files</Filter>
    </ClInclude>
    <ClInclude Include="surfaceflags.h">
      <Filter>Header Files</Filter>
    </ClInclude>
    <ClInclude Include="syn.h">
      <Filter>Header Files</Filter>
    </ClInclude>
    <ClInclude Include="g_weapon.h">
      <Filter>Header Files</Filter>
    </ClInclude>
    <ClInclude Include="g_cinematic.h">
      <Filter>Header Files</Filter>
    </ClInclude>
    <ClInclude Include="md5.h">
      <Filter>Header Files</Filter>
    </ClInclude>
    <ClInclude Include="sqlite3.h">
      <Filter>Header Files</Filter>
    </ClInclude>
    <ClInclude Include="bg_lex.h">
      <Filter>Header Files</Filter>
    </ClInclude>
    <ClInclude Include="g_main.h">
      <Filter>Header Files</Filter>
    </ClInclude>
    <ClInclude Include="g_cmds.h">
      <Filter>Header Files</Filter>
    </ClInclude>
    <ClInclude Include="g_client.h">
      <Filter>Header Files</Filter>
    </ClInclude>
    <ClInclude Include="g_items.h">
      <Filter>Header Files</Filter>
    </ClInclude>
    <ClInclude Include="g_active.h">
      <Filter>Header Files</Filter>
    </ClInclude>
    <ClInclude Include="g_logger.h">
      <Filter>Header Files</Filter>
    </ClInclude>
    <ClInclude Include="g_missile.h">
      <Filter>Header Files</Filter>
    </ClInclude>
    <ClInclude Include="g_usable.h">
      <Filter>Header Files</Filter>
    </ClInclude>
    <ClInclude Include="g_combat.h">
      <Filter>Header Files</Filter>
    </ClInclude>
    <ClInclude Include="g_utils.h">
      <Filter>Header Files</Filter>
    </ClInclude>
    <ClInclude Include="g_trigger.h">
      <Filter>Header Files</Filter>
    </ClInclude>
    <ClInclude Include="..\qcommon\stv_version.h">
      <Filter>Header Files</Filter>
    </ClInclude>
    <ClInclude Include="g_mover.h">
      <Filter>Header Files</Filter>
    </ClInclude>
    <ClInclude Include="g_syscalls.h">
      <Filter>Header Files</Filter>
    </ClInclude>
    <ClInclude Include="ai_common.h">
      <Filter>Header Files</Filter>
    </ClInclude>
  </ItemGroup>
  <ItemGroup>
    <None Include="game.def">
      <Filter>Resource Files</Filter>
    </None>
  </ItemGroup>
  <ItemGroup>
    <CustomBuildStep Include="g_syscalls.asm" />
    <CustomBuildStep Include="game.bat" />
    <CustomBuildStep Include="game.q3asm" />
  </ItemGroup>
  <ItemGroup>
    <Flex Include="bg_lex.l">
      <Filter>Source Files</Filter>
    </Flex>
  </ItemGroup>
</Project>