<?xml version="1.0" encoding="utf-8"?>
<Project ToolsVersion="4.0" xmlns="http://schemas.microsoft.com/developer/msbuild/2003">
  <ItemGroup>
    <Filter Include="Source Files">
      <UniqueIdentifier>{01f0cae1-f113-47b2-affe-12a7bbc7ffe9}</UniqueIdentifier>
      <Extensions>cpp;c;cxx;rc</Extensions>
    </Filter>
    <Filter Include="Header Files">
      <UniqueIdentifier>{7b23fa51-5928-4563-bf8f-f6ed08c03447}</UniqueIdentifier>
      <Extensions>h;hpp;hxx;hm;inl;fi;fd</Extensions>
    </Filter>
    <Filter Include="Resource Files">
      <UniqueIdentifier>{387ecbcb-866d-446d-8a39-6defdd4c3378}</UniqueIdentifier>
      <Extensions>ico;cur;bmp;dlg;rc2;rct;bin;cnt;rtf;gif;jpg;jpeg;jpe</Extensions>
    </Filter>
    <Filter Include="Source Files\lua">
      <UniqueIdentifier>{f63112ba-83f3-4b08-92ac-a2679cccbe87}</UniqueIdentifier>
    </Filter>
  </ItemGroup>
  <ItemGroup>
    <ClCompile Include="ai_chat.c">
      <Filter>Source Files</Filter>
    </ClCompile>
    <ClCompile Include="ai_cmd.c">
      <Filter>Source Files</Filter>
    </ClCompile>
    <ClCompile Include="ai_dmnet.c">
      <Filter>Source Files</Filter>
    </ClCompile>
    <ClCompile Include="ai_dmq3.c">
      <Filter>Source Files</Filter>
    </ClCompile>
    <ClCompile Include="ai_main.c">
      <Filter>Source Files</Filter>
    </ClCompile>
    <ClCompile Include="ai_team.c">
      <Filter>Source Files</Filter>
    </ClCompile>
    <ClCompile Include="bg_lib.c">
      <Filter>Source Files</Filter>
    </ClCompile>
    <ClCompile Include="bg_misc.c">
      <Filter>Source Files</Filter>
    </ClCompile>
    <ClCompile Include="bg_pmove.c">
      <Filter>Source Files</Filter>
    </ClCompile>
    <ClCompile Include="bg_slidemove.c">
      <Filter>Source Files</Filter>
    </ClCompile>
    <ClCompile Include="g_active.c">
      <Filter>Source Files</Filter>
    </ClCompile>
    <ClCompile Include="g_arenas.c">
      <Filter>Source Files</Filter>
    </ClCompile>
    <ClCompile Include="g_bot.c">
      <Filter>Source Files</Filter>
    </ClCompile>
    <ClCompile Include="g_breakable.c">
      <Filter>Source Files</Filter>
    </ClCompile>
    <ClCompile Include="g_client.c">
      <Filter>Source Files</Filter>
    </ClCompile>
    <ClCompile Include="g_cmds.c">
      <Filter>Source Files</Filter>
    </ClCompile>
    <ClCompile Include="g_combat.c">
      <Filter>Source Files</Filter>
    </ClCompile>
    <ClCompile Include="g_fx.c">
      <Filter>Source Files</Filter>
    </ClCompile>
    <ClCompile Include="g_items.c">
      <Filter>Source Files</Filter>
    </ClCompile>
    <ClCompile Include="g_log.c">
      <Filter>Source Files</Filter>
    </ClCompile>
    <ClCompile Include="g_lua.c">
      <Filter>Source Files</Filter>
    </ClCompile>
    <ClCompile Include="g_main.c">
      <Filter>Source Files</Filter>
    </ClCompile>
    <ClCompile Include="g_mem.c">
      <Filter>Source Files</Filter>
    </ClCompile>
    <ClCompile Include="g_misc.c">
      <Filter>Source Files</Filter>
    </ClCompile>
    <ClCompile Include="g_missile.c">
      <Filter>Source Files</Filter>
    </ClCompile>
    <ClCompile Include="g_mover.c">
      <Filter>Source Files</Filter>
    </ClCompile>
    <ClCompile Include="g_session.c">
      <Filter>Source Files</Filter>
    </ClCompile>
    <ClCompile Include="g_spawn.c">
      <Filter>Source Files</Filter>
    </ClCompile>
    <ClCompile Include="g_sql.c">
      <Filter>Source Files</Filter>
    </ClCompile>
    <ClCompile Include="g_svcmds.c">
      <Filter>Source Files</Filter>
    </ClCompile>
    <ClCompile Include="g_syscalls.c">
      <Filter>Source Files</Filter>
    </ClCompile>
    <ClCompile Include="g_target.c">
      <Filter>Source Files</Filter>
    </ClCompile>
    <ClCompile Include="g_team.c">
      <Filter>Source Files</Filter>
    </ClCompile>
    <ClCompile Include="g_trigger.c">
      <Filter>Source Files</Filter>
    </ClCompile>
    <ClCompile Include="g_turrets.c">
      <Filter>Source Files</Filter>
    </ClCompile>
    <ClCompile Include="g_ui.c">
      <Filter>Source Files</Filter>
    </ClCompile>
    <ClCompile Include="g_usable.c">
      <Filter>Source Files</Filter>
    </ClCompile>
    <ClCompile Include="g_utils.c">
      <Filter>Source Files</Filter>
    </ClCompile>
    <ClCompile Include="g_weapon.c">
      <Filter>Source Files</Filter>
    </ClCompile>
    <ClCompile Include="q_math.c">
      <Filter>Source Files</Filter>
    </ClCompile>
    <ClCompile Include="q_shared.c">
      <Filter>Source Files</Filter>
    </ClCompile>
    <ClCompile Include="lua_entity.c">
      <Filter>Source Files\lua</Filter>
    </ClCompile>
    <ClCompile Include="lua_game.c">
      <Filter>Source Files\lua</Filter>
    </ClCompile>
    <ClCompile Include="lua_mover.c">
      <Filter>Source Files\lua</Filter>
    </ClCompile>
    <ClCompile Include="lua_vector.c">
      <Filter>Source Files\lua</Filter>
    </ClCompile>
    <ClCompile Include="lua_qmath.c">
      <Filter>Source Files\lua</Filter>
    </ClCompile>
    <ClCompile Include="lapi.c">
      <Filter>Source Files\lua</Filter>
    </ClCompile>
    <ClCompile Include="lauxlib.c">
      <Filter>Source Files\lua</Filter>
    </ClCompile>
    <ClCompile Include="lbaselib.c">
      <Filter>Source Files\lua</Filter>
    </ClCompile>
    <ClCompile Include="lbitlib.c">
      <Filter>Source Files\lua</Filter>
    </ClCompile>
    <ClCompile Include="lcode.c">
      <Filter>Source Files\lua</Filter>
    </ClCompile>
    <ClCompile Include="lcorolib.c">
      <Filter>Source Files\lua</Filter>
    </ClCompile>
    <ClCompile Include="lctype.c">
      <Filter>Source Files\lua</Filter>
    </ClCompile>
    <ClCompile Include="ldblib.c">
      <Filter>Source Files\lua</Filter>
    </ClCompile>
    <ClCompile Include="ldebug.c">
      <Filter>Source Files\lua</Filter>
    </ClCompile>
    <ClCompile Include="ldo.c">
      <Filter>Source Files\lua</Filter>
    </ClCompile>
    <ClCompile Include="ldump.c">
      <Filter>Source Files\lua</Filter>
    </ClCompile>
    <ClCompile Include="lfunc.c">
      <Filter>Source Files\lua</Filter>
    </ClCompile>
    <ClCompile Include="lgc.c">
      <Filter>Source Files\lua</Filter>
    </ClCompile>
    <ClCompile Include="linit.c">
      <Filter>Source Files\lua</Filter>
    </ClCompile>
    <ClCompile Include="liolib.c">
      <Filter>Source Files\lua</Filter>
    </ClCompile>
    <ClCompile Include="llex.c">
      <Filter>Source Files\lua</Filter>
    </ClCompile>
    <ClCompile Include="lmathlib.c">
      <Filter>Source Files\lua</Filter>
    </ClCompile>
    <ClCompile Include="lmem.c">
      <Filter>Source Files\lua</Filter>
    </ClCompile>
    <ClCompile Include="loadlib.c">
      <Filter>Source Files\lua</Filter>
    </ClCompile>
    <ClCompile Include="lobject.c">
      <Filter>Source Files\lua</Filter>
    </ClCompile>
    <ClCompile Include="lopcodes.c">
      <Filter>Source Files\lua</Filter>
    </ClCompile>
    <ClCompile Include="loslib.c">
      <Filter>Source Files\lua</Filter>
    </ClCompile>
    <ClCompile Include="lparser.c">
      <Filter>Source Files\lua</Filter>
    </ClCompile>
    <ClCompile Include="lstate.c">
      <Filter>Source Files\lua</Filter>
    </ClCompile>
    <ClCompile Include="lstring.c">
      <Filter>Source Files\lua</Filter>
    </ClCompile>
    <ClCompile Include="lstrlib.c">
      <Filter>Source Files\lua</Filter>
    </ClCompile>
    <ClCompile Include="ltable.c">
      <Filter>Source Files\lua</Filter>
    </ClCompile>
    <ClCompile Include="ltablib.c">
      <Filter>Source Files\lua</Filter>
    </ClCompile>
    <ClCompile Include="ltm.c">
      <Filter>Source Files\lua</Filter>
    </ClCompile>
    <ClCompile Include="lundump.c">
      <Filter>Source Files\lua</Filter>
    </ClCompile>
    <ClCompile Include="lvm.c">
      <Filter>Source Files\lua</Filter>
    </ClCompile>
    <ClCompile Include="lzio.c">
      <Filter>Source Files\lua</Filter>
    </ClCompile>
    <ClCompile Include="g_cinematic.c">
      <Filter>Source Files</Filter>
    </ClCompile>
    <ClCompile Include="lua_cinematic.c">
      <Filter>Source Files\lua</Filter>
    </ClCompile>
    <ClCompile Include="lua_sound.c">
      <Filter>Source Files\lua</Filter>
    </ClCompile>
    <ClCompile Include="lua_weapons.c">
      <Filter>Source Files\lua</Filter>
    </ClCompile>
    <ClCompile Include="lua_trace.c">
      <Filter>Source Files\lua</Filter>
    </ClCompile>
    <ClCompile Include="lua_cvar.c">
      <Filter>Source Files\lua</Filter>
    </ClCompile>
    <ClCompile Include="list.c">
      <Filter>Source Files</Filter>
    </ClCompile>
    <ClCompile Include="md5.c">
      <Filter>Source Files</Filter>
    </ClCompile>
    <ClCompile Include="sqlite3.c">
      <Filter>Source Files</Filter>
    </ClCompile>
    <ClCompile Include="bg_lex.yy.c">
      <Filter>Source Files</Filter>
    </ClCompile>
    <ClCompile Include="memorypool.c">
      <Filter>Source Files</Filter>
    </ClCompile>
  </ItemGroup>
  <ItemGroup>
    <ClInclude Include="ai_chat.h">
      <Filter>Header Files</Filter>
    </ClInclude>
    <ClInclude Include="ai_cmd.h">
      <Filter>Header Files</Filter>
    </ClInclude>
    <ClInclude Include="ai_dmnet.h">
      <Filter>Header Files</Filter>
    </ClInclude>
    <ClInclude Include="ai_dmq3.h">
      <Filter>Header Files</Filter>
    </ClInclude>
    <ClInclude Include="ai_main.h">
      <Filter>Header Files</Filter>
    </ClInclude>
    <ClInclude Include="ai_team.h">
      <Filter>Header Files</Filter>
    </ClInclude>
    <ClInclude Include="be_aas.h">
      <Filter>Header Files</Filter>
    </ClInclude>
    <ClInclude Include="be_ai_char.h">
      <Filter>Header Files</Filter>
    </ClInclude>
    <ClInclude Include="be_ai_chat.h">
      <Filter>Header Files</Filter>
    </ClInclude>
    <ClInclude Include="be_ai_gen.h">
      <Filter>Header Files</Filter>
    </ClInclude>
    <ClInclude Include="be_ai_goal.h">
      <Filter>Header Files</Filter>
    </ClInclude>
    <ClInclude Include="be_ai_move.h">
      <Filter>Header Files</Filter>
    </ClInclude>
    <ClInclude Include="be_ai_weap.h">
      <Filter>Header Files</Filter>
    </ClInclude>
    <ClInclude Include="be_ea.h">
      <Filter>Header Files</Filter>
    </ClInclude>
    <ClInclude Include="bg_lib.h">
      <Filter>Header Files</Filter>
    </ClInclude>
    <ClInclude Include="bg_local.h">
      <Filter>Header Files</Filter>
    </ClInclude>
    <ClInclude Include="bg_public.h">
      <Filter>Header Files</Filter>
    </ClInclude>
    <ClInclude Include="botlib.h">
      <Filter>Header Files</Filter>
    </ClInclude>
    <ClInclude Include="chars.h">
      <Filter>Header Files</Filter>
    </ClInclude>
    <ClInclude Include="g_breakable.h">
      <Filter>Header Files</Filter>
    </ClInclude>
    <ClInclude Include="g_groups.h">
      <Filter>Header Files</Filter>
    </ClInclude>
    <ClInclude Include="g_local.h">
      <Filter>Header Files</Filter>
    </ClInclude>
    <ClInclude Include="g_lua.h">
      <Filter>Header Files</Filter>
    </ClInclude>
    <ClInclude Include="g_public.h">
      <Filter>Header Files</Filter>
    </ClInclude>
    <ClInclude Include="g_spawn.h">
      <Filter>Header Files</Filter>
    </ClInclude>
    <ClInclude Include="g_sql.h">
      <Filter>Header Files</Filter>
    </ClInclude>
    <ClInclude Include="g_team.h">
      <Filter>Header Files</Filter>
    </ClInclude>
    <ClInclude Include="inv.h">
      <Filter>Header Files</Filter>
    </ClInclude>
    <ClInclude Include="match.h">
      <Filter>Header Files</Filter>
    </ClInclude>
    <ClInclude Include="q_shared.h">
      <Filter>Header Files</Filter>
    </ClInclude>
    <ClInclude Include="surfaceflags.h">
      <Filter>Header Files</Filter>
    </ClInclude>
    <ClInclude Include="syn.h">
      <Filter>Header Files</Filter>
    </ClInclude>
    <ClInclude Include="lapi.h">
      <Filter>Source Files\lua</Filter>
    </ClInclude>
    <ClInclude Include="lauxlib.h">
      <Filter>Source Files\lua</Filter>
    </ClInclude>
    <ClInclude Include="lcode.h">
      <Filter>Source Files\lua</Filter>
    </ClInclude>
    <ClInclude Include="lctype.h">
      <Filter>Source Files\lua</Filter>
    </ClInclude>
    <ClInclude Include="ldebug.h">
      <Filter>Source Files\lua</Filter>
    </ClInclude>
    <ClInclude Include="ldo.h">
      <Filter>Source Files\lua</Filter>
    </ClInclude>
    <ClInclude Include="lfunc.h">
      <Filter>Source Files\lua</Filter>
    </ClInclude>
    <ClInclude Include="lgc.h">
      <Filter>Source Files\lua</Filter>
    </ClInclude>
    <ClInclude Include="llex.h">
      <Filter>Source Files\lua</Filter>
    </ClInclude>
    <ClInclude Include="llimits.h">
      <Filter>Source Files\lua</Filter>
    </ClInclude>
    <ClInclude Include="lmem.h">
      <Filter>Source Files\lua</Filter>
    </ClInclude>
    <ClInclude Include="lobject.h">
      <Filter>Source Files\lua</Filter>
    </ClInclude>
    <ClInclude Include="lopcodes.h">
      <Filter>Source Files\lua</Filter>
    </ClInclude>
    <ClInclude Include="lparser.h">
      <Filter>Source Files\lua</Filter>
    </ClInclude>
    <ClInclude Include="lstate.h">
      <Filter>Source Files\lua</Filter>
    </ClInclude>
    <ClInclude Include="lstring.h">
      <Filter>Source Files\lua</Filter>
    </ClInclude>
    <ClInclude Include="ltable.h">
      <Filter>Source Files\lua</Filter>
    </ClInclude>
    <ClInclude Include="ltm.h">
      <Filter>Source Files\lua</Filter>
    </ClInclude>
    <ClInclude Include="lua.h">
      <Filter>Source Files\lua</Filter>
    </ClInclude>
    <ClInclude Include="lua.hpp">
      <Filter>Source Files\lua</Filter>
    </ClInclude>
    <ClInclude Include="luaconf.h">
      <Filter>Source Files\lua</Filter>
    </ClInclude>
    <ClInclude Include="lualib.h">
      <Filter>Source Files\lua</Filter>
    </ClInclude>
    <ClInclude Include="lundump.h">
      <Filter>Source Files\lua</Filter>
    </ClInclude>
    <ClInclude Include="lvm.h">
      <Filter>Source Files\lua</Filter>
    </ClInclude>
    <ClInclude Include="lzio.h">
      <Filter>Source Files\lua</Filter>
    </ClInclude>
    <ClInclude Include="g_weapon.h">
      <Filter>Header Files</Filter>
    </ClInclude>
    <ClInclude Include="list.h">
      <Filter>Header Files</Filter>
    </ClInclude>
    <ClInclude Include="g_cinematic.h">
      <Filter>Header Files</Filter>
    </ClInclude>
    <ClInclude Include="md5.h">
      <Filter>Header Files</Filter>
    </ClInclude>
    <ClInclude Include="sqlite3.h">
      <Filter>Header Files</Filter>
    </ClInclude>
    <ClInclude Include="bg_lex.h">
      <Filter>Header Files</Filter>
    </ClInclude>
    <ClInclude Include="g_main.h">
      <Filter>Header Files</Filter>
    </ClInclude>
    <ClInclude Include="g_cmds.h">
      <Filter>Header Files</Filter>
    </ClInclude>
    <ClInclude Include="bg_misc.h">
      <Filter>Header Files</Filter>
    </ClInclude>
    <ClInclude Include="g_client.h">
      <Filter>Header Files</Filter>
    </ClInclude>
    <ClInclude Include="g_items.h">
      <Filter>Header Files</Filter>
    </ClInclude>
    <ClInclude Include="g_active.h">
      <Filter>Header Files</Filter>
    </ClInclude>
    <ClInclude Include="memorypool.h">
      <Filter>Header Files</Filter>
    </ClInclude>
  </ItemGroup>
  <ItemGroup>
    <None Include="game.def">
      <Filter>Resource Files</Filter>
    </None>
    <None Include="bg_lex.lex">
      <Filter>Source Files</Filter>
    </None>
  </ItemGroup>
  <ItemGroup>
    <CustomBuildStep Include="g_syscalls.asm" />
    <CustomBuildStep Include="game.bat" />
    <CustomBuildStep Include="game.q3asm" />
  </ItemGroup>
</Project>