<?xml version="1.0" encoding="utf-8"?>
<Project ToolsVersion="4.0" xmlns="http://schemas.microsoft.com/developer/msbuild/2003">
  <ItemGroup>
    <Filter Include="Source Files">
      <UniqueIdentifier>{90a720d9-41f5-4abf-91d4-5c109cd2d702}</UniqueIdentifier>
      <Extensions>c</Extensions>
    </Filter>
    <Filter Include="Header Files">
      <UniqueIdentifier>{76164a83-7a3a-4473-b6db-f151d30a82d7}</UniqueIdentifier>
      <Extensions>h</Extensions>
    </Filter>
  </ItemGroup>
  <ItemGroup>
    <ClCompile Include="cg_logger.h">
      <Filter>Header Files</Filter>
    </ClCompile>
    <ClCompile Include="cg_drawtools.cpp">
      <Filter>Source Files</Filter>
    </ClCompile>
    <ClCompile Include="cg_consolecmds.cpp">
      <Filter>Source Files</Filter>
    </ClCompile>
    <ClCompile Include="cg_draw.cpp">
      <Filter>Source Files</Filter>
    </ClCompile>
    <ClCompile Include="cg_effects.cpp">
      <Filter>Source Files</Filter>
    </ClCompile>
    <ClCompile Include="cg_ents.cpp">
      <Filter>Source Files</Filter>
    </ClCompile>
    <ClCompile Include="cg_env.cpp">
      <Filter>Source Files</Filter>
    </ClCompile>
    <ClCompile Include="cg_event.cpp">
      <Filter>Source Files</Filter>
    </ClCompile>
    <ClCompile Include="cg_info.cpp">
      <Filter>Source Files</Filter>
    </ClCompile>
    <ClCompile Include="cg_localents.cpp">
      <Filter>Source Files</Filter>
    </ClCompile>
    <ClCompile Include="cg_logger.cpp">
      <Filter>Source Files</Filter>
    </ClCompile>
    <ClCompile Include="cg_main.cpp">
      <Filter>Source Files</Filter>
    </ClCompile>
    <ClCompile Include="cg_marks.cpp">
      <Filter>Source Files</Filter>
    </ClCompile>
    <ClCompile Include="cg_players.cpp">
      <Filter>Source Files</Filter>
    </ClCompile>
    <ClCompile Include="cg_playerstate.cpp">
      <Filter>Source Files</Filter>
    </ClCompile>
    <ClCompile Include="cg_predict.cpp">
      <Filter>Source Files</Filter>
    </ClCompile>
    <ClCompile Include="cg_scoreboard.cpp">
      <Filter>Source Files</Filter>
    </ClCompile>
    <ClCompile Include="cg_screenfx.cpp">
      <Filter>Source Files</Filter>
    </ClCompile>
    <ClCompile Include="cg_servercmds.cpp">
      <Filter>Source Files</Filter>
    </ClCompile>
    <ClCompile Include="cg_snapshot.cpp">
      <Filter>Source Files</Filter>
    </ClCompile>
    <ClCompile Include="cg_syscalls.cpp">
      <Filter>Source Files</Filter>
    </ClCompile>
    <ClCompile Include="cg_view.cpp">
      <Filter>Source Files</Filter>
    </ClCompile>
    <ClCompile Include="cg_weapons.cpp">
      <Filter>Source Files</Filter>
    </ClCompile>
    <ClCompile Include="fx_compression.cpp">
      <Filter>Source Files</Filter>
    </ClCompile>
    <ClCompile Include="fx_disruptor.cpp">
      <Filter>Source Files</Filter>
    </ClCompile>
    <ClCompile Include="fx_grenade.cpp">
      <Filter>Source Files</Filter>
    </ClCompile>
    <ClCompile Include="fx_hypospray.cpp">
      <Filter>Source Files</Filter>
    </ClCompile>
    <ClCompile Include="fx_item.cpp">
      <Filter>Source Files</Filter>
    </ClCompile>
    <ClCompile Include="fx_lib.cpp">
      <Filter>Source Files</Filter>
    </ClCompile>
    <ClCompile Include="fx_misc.cpp">
      <Filter>Source Files</Filter>
    </ClCompile>
    <ClCompile Include="fx_phaser.cpp">
      <Filter>Source Files</Filter>
    </ClCompile>
    <ClCompile Include="fx_quantum.cpp">
      <Filter>Source Files</Filter>
    </ClCompile>
    <ClCompile Include="fx_tetrion.cpp">
      <Filter>Source Files</Filter>
    </ClCompile>
    <ClCompile Include="fx_transporter.cpp">
      <Filter>Source Files</Filter>
    </ClCompile>
  </ItemGroup>
  <ItemGroup>
    <ClInclude Include="cg_anims.h">
      <Filter>Header Files</Filter>
    </ClInclude>
    <ClInclude Include="cg_local.h">
      <Filter>Header Files</Filter>
    </ClInclude>
    <ClInclude Include="cg_public.h">
      <Filter>Header Files</Filter>
    </ClInclude>
    <ClInclude Include="cg_screenfx.h">
      <Filter>Header Files</Filter>
    </ClInclude>
    <ClInclude Include="cg_text.h">
      <Filter>Header Files</Filter>
    </ClInclude>
    <ClInclude Include="fx_local.h">
      <Filter>Header Files</Filter>
    </ClInclude>
    <ClInclude Include="tr_types.h">
      <Filter>Header Files</Filter>
    </ClInclude>
  </ItemGroup>
  <ItemGroup>
    <None Include="cgame.def">
      <Filter>Header Files</Filter>
    </None>
  </ItemGroup>
  <ItemGroup>
    <CustomBuildStep Include="cg_syscalls.asm" />
    <CustomBuildStep Include="cgame.bat" />
    <CustomBuildStep Include="cgame.q3asm" />
  </ItemGroup>
</Project>